
Microsoft Visual Studio Solution File, Format Version 12.00
Project("{FAE04EC0-301F-11D3-BF4B-00C04F79EFBC}") = "BestIdentifier", "BestIdentifier\BestIdentifier.csproj", "{C7FF6C51-30BA-463C-BC62-1FB37DEBDBE5}"
EndProject
Global
	GlobalSection(SolutionConfigurationPlatforms) = preSolution
		Debug|Any CPU = Debug|Any CPU
		Release|Any CPU = Release|Any CPU
	EndGlobalSection
	GlobalSection(ProjectConfigurationPlatforms) = postSolution
		{C7FF6C51-30BA-463C-BC62-1FB37DEBDBE5}.Debug|Any CPU.ActiveCfg = Debug|Any CPU
		{C7FF6C51-30BA-463C-BC62-1FB37DEBDBE5}.Debug|Any CPU.Build.0 = Debug|Any CPU
		{C7FF6C51-30BA-463C-BC62-1FB37DEBDBE5}.Release|Any CPU.ActiveCfg = Release|Any CPU
		{C7FF6C51-30BA-463C-BC62-1FB37DEBDBE5}.Release|Any CPU.Build.0 = Release|Any CPU
	EndGlobalSection
EndGlobal
