
Microsoft Visual Studio Solution File, Format Version 12.00
# Visual Studio Version 16
VisualStudioVersion = 16.0.30717.126
MinimumVisualStudioVersion = 10.0.40219.1
Project("{9A19103F-16F7-4668-BE54-9A1E7A4F7556}") = "Metatable", "Metatable\Metatable.csproj", "{4C11F6DA-0D14-4A44-B587-55B46B01C6F6}"
EndProject
Global
	GlobalSection(SolutionConfigurationPlatforms) = preSolution
		Debug|Any CPU = Debug|Any CPU
		Release|Any CPU = Release|Any CPU
	EndGlobalSection
	GlobalSection(ProjectConfigurationPlatforms) = postSolution
		{4C11F6DA-0D14-4A44-B587-55B46B01C6F6}.Debug|Any CPU.ActiveCfg = Debug|Any CPU
		{4C11F6DA-0D14-4A44-B587-55B46B01C6F6}.Debug|Any CPU.Build.0 = Debug|Any CPU
		{4C11F6DA-0D14-4A44-B587-55B46B01C6F6}.Release|Any CPU.ActiveCfg = Release|Any CPU
		{4C11F6DA-0D14-4A44-B587-55B46B01C6F6}.Release|Any CPU.Build.0 = Release|Any CPU
	EndGlobalSection
	GlobalSection(SolutionProperties) = preSolution
		HideSolutionNode = FALSE
	EndGlobalSection
	GlobalSection(ExtensibilityGlobals) = postSolution
		SolutionGuid = {7CFC41CE-CF90-4857-9DAC-EE21D2E16A4D}
	EndGlobalSection
EndGlobal
