
Microsoft Visual Studio Solution File, Format Version 12.00
# Visual Studio Version 16
VisualStudioVersion = 16.0.29519.181
MinimumVisualStudioVersion = 10.0.40219.1
Project("{9A19103F-16F7-4668-BE54-9A1E7A4F7556}") = "Notes", "Notes\Notes.csproj", "{138C8D6F-EC7F-4DA2-BBB0-8DF824616650}"
EndProject
Project("{FAE04EC0-301F-11D3-BF4B-00C04F79EFBC}") = "Note.WebApi", "Note.WebApi\Note.WebApi.csproj", "{26D21F00-1DF7-4095-A5BF-F0638CB22687}"
EndProject
Global
	GlobalSection(SolutionConfigurationPlatforms) = preSolution
		Debug|Any CPU = Debug|Any CPU
		Debug|x64 = Debug|x64
		Release|Any CPU = Release|Any CPU
		Release|x64 = Release|x64
	EndGlobalSection
	GlobalSection(ProjectConfigurationPlatforms) = postSolution
		{138C8D6F-EC7F-4DA2-BBB0-8DF824616650}.Debug|Any CPU.ActiveCfg = Debug|Any CPU
		{138C8D6F-EC7F-4DA2-BBB0-8DF824616650}.Debug|Any CPU.Build.0 = Debug|Any CPU
		{138C8D6F-EC7F-4DA2-BBB0-8DF824616650}.Debug|x64.ActiveCfg = Debug|x64
		{138C8D6F-EC7F-4DA2-BBB0-8DF824616650}.Debug|x64.Build.0 = Debug|x64
		{138C8D6F-EC7F-4DA2-BBB0-8DF824616650}.Release|Any CPU.ActiveCfg = Release|Any CPU
		{138C8D6F-EC7F-4DA2-BBB0-8DF824616650}.Release|Any CPU.Build.0 = Release|Any CPU
		{138C8D6F-EC7F-4DA2-BBB0-8DF824616650}.Release|x64.ActiveCfg = Release|x64
		{138C8D6F-EC7F-4DA2-BBB0-8DF824616650}.Release|x64.Build.0 = Release|x64
		{26D21F00-1DF7-4095-A5BF-F0638CB22687}.Debug|Any CPU.ActiveCfg = Debug|Any CPU
		{26D21F00-1DF7-4095-A5BF-F0638CB22687}.Debug|Any CPU.Build.0 = Debug|Any CPU
		{26D21F00-1DF7-4095-A5BF-F0638CB22687}.Debug|x64.ActiveCfg = Debug|Any CPU
		{26D21F00-1DF7-4095-A5BF-F0638CB22687}.Debug|x64.Build.0 = Debug|Any CPU
		{26D21F00-1DF7-4095-A5BF-F0638CB22687}.Release|Any CPU.ActiveCfg = Release|Any CPU
		{26D21F00-1DF7-4095-A5BF-F0638CB22687}.Release|Any CPU.Build.0 = Release|Any CPU
		{26D21F00-1DF7-4095-A5BF-F0638CB22687}.Release|x64.ActiveCfg = Release|Any CPU
		{26D21F00-1DF7-4095-A5BF-F0638CB22687}.Release|x64.Build.0 = Release|Any CPU
	EndGlobalSection
	GlobalSection(SolutionProperties) = preSolution
		HideSolutionNode = FALSE
	EndGlobalSection
	GlobalSection(ExtensibilityGlobals) = postSolution
		SolutionGuid = {3E81F7C4-42EC-429C-AE40-67F23096A5F4}
	EndGlobalSection
EndGlobal
